
Microsoft Visual Studio Solution File, Format Version 12.00
# Visual Studio Version 16
VisualStudioVersion = 16.0.31105.61
MinimumVisualStudioVersion = 10.0.40219.1
Project("{FAE04EC0-301F-11D3-BF4B-00C04F79EFBC}") = "GameShop", "GameShop\GameShop.csproj", "{442A605D-5761-431C-BF55-7C8B7DE98A22}"
EndProject
Project("{2150E333-8FDC-42A3-9474-1A3956D46DE8}") = "Screenshots", "Screenshots", "{4C0D7DC2-1FD0-46B8-8FAB-2CB748A1B5AD}"
	ProjectSection(SolutionItems) = preProject
		..\..\..\Pictures\MainWindow.PNG = ..\..\..\Pictures\MainWindow.PNG
	EndProjectSection
EndProject
Global
	GlobalSection(SolutionConfigurationPlatforms) = preSolution
		Debug|Any CPU = Debug|Any CPU
		Release|Any CPU = Release|Any CPU
	EndGlobalSection
	GlobalSection(ProjectConfigurationPlatforms) = postSolution
		{442A605D-5761-431C-BF55-7C8B7DE98A22}.Debug|Any CPU.ActiveCfg = Debug|Any CPU
		{442A605D-5761-431C-BF55-7C8B7DE98A22}.Debug|Any CPU.Build.0 = Debug|Any CPU
		{442A605D-5761-431C-BF55-7C8B7DE98A22}.Release|Any CPU.ActiveCfg = Release|Any CPU
		{442A605D-5761-431C-BF55-7C8B7DE98A22}.Release|Any CPU.Build.0 = Release|Any CPU
	EndGlobalSection
	GlobalSection(SolutionProperties) = preSolution
		HideSolutionNode = FALSE
	EndGlobalSection
	GlobalSection(ExtensibilityGlobals) = postSolution
		SolutionGuid = {DB82CD56-3F36-4887-8828-49341FAA49E0}
	EndGlobalSection
EndGlobal
